// !$*UTF8*$!
{
	archiveVersion = 1;
	classes = {
	};
	objectVersion = 56;
	objects = {

/* Begin PBXBuildFile section */
		A1000001232F0001 /* ChickenDJApp.swift in Sources */ = {isa = PBXBuildFile; fileRef = A1000002232F0001 /* ChickenDJApp.swift */; };
		A1000003232F0001 /* ContentView.swift in Sources */ = {isa = PBXBuildFile; fileRef = A1000004232F0001 /* ContentView.swift */; };
		A1000005232F0001 /* Assets.xcassets in Resources */ = {isa = PBXBuildFile; fileRef = A1000006232F0001 /* Assets.xcassets */; };
		A1000007232F0001 /* AppTheme.swift in Sources */ = {isa = PBXBuildFile; fileRef = A1000008232F0001 /* AppTheme.swift */; };
		A1000009232F0001 /* Pad.swift in Sources */ = {isa = PBXBuildFile; fileRef = A100000A232F0001 /* Pad.swift */; };
		A100000B232F0001 /* Loop.swift in Sources */ = {isa = PBXBuildFile; fileRef = A100000C232F0001 /* Loop.swift */; };
		A100000D232F0001 /* AudioEngine.swift in Sources */ = {isa = PBXBuildFile; fileRef = A100000E232F0001 /* AudioEngine.swift */; };
		A100000F232F0001 /* PlayView.swift in Sources */ = {isa = PBXBuildFile; fileRef = A1000010232F0001 /* PlayView.swift */; };
		A1000011232F0001 /* PadView.swift in Sources */ = {isa = PBXBuildFile; fileRef = A1000012232F0001 /* PadView.swift */; };
		A1000013232F0001 /* MascotView.swift in Sources */ = {isa = PBXBuildFile; fileRef = A1000014232F0001 /* MascotView.swift */; };
		A1000028232F0001 /* SplashView.swift in Sources */ = {isa = PBXBuildFile; fileRef = A1000029232F0001 /* SplashView.swift */; };
		A100002A232F0001 /* LoopsView.swift in Sources */ = {isa = PBXBuildFile; fileRef = A100002B232F0001 /* LoopsView.swift */; };
		A100002C232F0001 /* SettingsView.swift in Sources */ = {isa = PBXBuildFile; fileRef = A100002D232F0001 /* SettingsView.swift */; };
		A100002E232F0001 /* MainTabView.swift in Sources */ = {isa = PBXBuildFile; fileRef = A100002F232F0001 /* MainTabView.swift */; };
		A1000030232F0001 /* LoopStorage.swift in Sources */ = {isa = PBXBuildFile; fileRef = A1000031232F0001 /* LoopStorage.swift */; };
		A1000032232F0001 /* LoopPatternView.swift in Sources */ = {isa = PBXBuildFile; fileRef = A1000033232F0001 /* LoopPatternView.swift */; };
		A1000034232F0001 /* SoundGenerator.swift in Sources */ = {isa = PBXBuildFile; fileRef = A1000035232F0001 /* SoundGenerator.swift */; };
		A1000036232F0001 /* EffectsView.swift in Sources */ = {isa = PBXBuildFile; fileRef = A1000037232F0001 /* EffectsView.swift */; };
		A1000038232F0001 /* BPMManager.swift in Sources */ = {isa = PBXBuildFile; fileRef = A1000039232F0001 /* BPMManager.swift */; };
/* End PBXBuildFile section */

/* Begin PBXFileReference section */
		A1000002232F0001 /* ChickenDJApp.swift */ = {isa = PBXFileReference; lastKnownFileType = sourcecode.swift; path = ChickenDJApp.swift; sourceTree = "<group>"; };
		A1000004232F0001 /* ContentView.swift */ = {isa = PBXFileReference; lastKnownFileType = sourcecode.swift; path = ContentView.swift; sourceTree = "<group>"; };
		A1000006232F0001 /* Assets.xcassets */ = {isa = PBXFileReference; lastKnownFileType = folder.assetcatalog; path = Assets.xcassets; sourceTree = "<group>"; };
		A1000008232F0001 /* AppTheme.swift */ = {isa = PBXFileReference; lastKnownFileType = sourcecode.swift; path = AppTheme.swift; sourceTree = "<group>"; };
		A100000A232F0001 /* Pad.swift */ = {isa = PBXFileReference; lastKnownFileType = sourcecode.swift; path = Pad.swift; sourceTree = "<group>"; };
		A100000C232F0001 /* Loop.swift */ = {isa = PBXFileReference; lastKnownFileType = sourcecode.swift; path = Loop.swift; sourceTree = "<group>"; };
		A100000E232F0001 /* AudioEngine.swift */ = {isa = PBXFileReference; lastKnownFileType = sourcecode.swift; path = AudioEngine.swift; sourceTree = "<group>"; };
		A1000010232F0001 /* PlayView.swift */ = {isa = PBXFileReference; lastKnownFileType = sourcecode.swift; path = PlayView.swift; sourceTree = "<group>"; };
		A1000012232F0001 /* PadView.swift */ = {isa = PBXFileReference; lastKnownFileType = sourcecode.swift; path = PadView.swift; sourceTree = "<group>"; };
		A1000014232F0001 /* MascotView.swift */ = {isa = PBXFileReference; lastKnownFileType = sourcecode.swift; path = MascotView.swift; sourceTree = "<group>"; };
		A1000015232F0001 /* ChickenDJ.app */ = {isa = PBXFileReference; explicitFileType = wrapper.application; includeInIndex = 0; path = ChickenDJ.app; sourceTree = BUILT_PRODUCTS_DIR; };
		A1000029232F0001 /* SplashView.swift */ = {isa = PBXFileReference; lastKnownFileType = sourcecode.swift; path = SplashView.swift; sourceTree = "<group>"; };
		A100002B232F0001 /* LoopsView.swift */ = {isa = PBXFileReference; lastKnownFileType = sourcecode.swift; path = LoopsView.swift; sourceTree = "<group>"; };
		A100002D232F0001 /* SettingsView.swift */ = {isa = PBXFileReference; lastKnownFileType = sourcecode.swift; path = SettingsView.swift; sourceTree = "<group>"; };
		A100002F232F0001 /* MainTabView.swift */ = {isa = PBXFileReference; lastKnownFileType = sourcecode.swift; path = MainTabView.swift; sourceTree = "<group>"; };
		A1000031232F0001 /* LoopStorage.swift */ = {isa = PBXFileReference; lastKnownFileType = sourcecode.swift; path = LoopStorage.swift; sourceTree = "<group>"; };
		A1000033232F0001 /* LoopPatternView.swift */ = {isa = PBXFileReference; lastKnownFileType = sourcecode.swift; path = LoopPatternView.swift; sourceTree = "<group>"; };
		A1000035232F0001 /* SoundGenerator.swift */ = {isa = PBXFileReference; lastKnownFileType = sourcecode.swift; path = SoundGenerator.swift; sourceTree = "<group>"; };
		A1000037232F0001 /* EffectsView.swift */ = {isa = PBXFileReference; lastKnownFileType = sourcecode.swift; path = EffectsView.swift; sourceTree = "<group>"; };
		A1000039232F0001 /* BPMManager.swift */ = {isa = PBXFileReference; lastKnownFileType = sourcecode.swift; path = BPMManager.swift; sourceTree = "<group>"; };
/* End PBXFileReference section */

/* Begin PBXFrameworksBuildPhase section */
		A1000016232F0001 /* Frameworks */ = {
			isa = PBXFrameworksBuildPhase;
			buildActionMask = 2147483647;
			files = (
			);
			runOnlyForDeploymentPostprocessing = 0;
		};
/* End PBXFrameworksBuildPhase section */

/* Begin PBXGroup section */
		A1000017232F0001 = {
			isa = PBXGroup;
			children = (
				A1000018232F0001 /* ChickenDJ */,
				A1000019232F0001 /* Products */,
			);
			sourceTree = "<group>";
		};
		A1000018232F0001 /* ChickenDJ */ = {
			isa = PBXGroup;
			children = (
				A1000002232F0001 /* ChickenDJApp.swift */,
				A1000004232F0001 /* ContentView.swift */,
				A100001A232F0001 /* Theme */,
				A100001B232F0001 /* Models */,
				A100001C232F0001 /* Views */,
				A100001D232F0001 /* Audio */,
				A1000006232F0001 /* Assets.xcassets */,
			);
			path = ChickenDJ;
			sourceTree = "<group>";
		};
		A1000019232F0001 /* Products */ = {
			isa = PBXGroup;
			children = (
				A1000015232F0001 /* ChickenDJ.app */,
			);
			name = Products;
			sourceTree = "<group>";
		};
		A100001A232F0001 /* Theme */ = {
			isa = PBXGroup;
			children = (
				A1000008232F0001 /* AppTheme.swift */,
			);
			path = Theme;
			sourceTree = "<group>";
		};
		A100001B232F0001 /* Models */ = {
			isa = PBXGroup;
			children = (
				A100000A232F0001 /* Pad.swift */,
				A100000C232F0001 /* Loop.swift */,
				A1000031232F0001 /* LoopStorage.swift */,
				A1000039232F0001 /* BPMManager.swift */,
			);
			path = Models;
			sourceTree = "<group>";
		};
		A100001C232F0001 /* Views */ = {
			isa = PBXGroup;
			children = (
				A1000010232F0001 /* PlayView.swift */,
				A1000012232F0001 /* PadView.swift */,
				A1000014232F0001 /* MascotView.swift */,
				A1000029232F0001 /* SplashView.swift */,
				A100002B232F0001 /* LoopsView.swift */,
				A100002D232F0001 /* SettingsView.swift */,
				A100002F232F0001 /* MainTabView.swift */,
				A1000033232F0001 /* LoopPatternView.swift */,
				A1000037232F0001 /* EffectsView.swift */,
			);
			path = Views;
			sourceTree = "<group>";
		};
		A100001D232F0001 /* Audio */ = {
			isa = PBXGroup;
			children = (
				A100000E232F0001 /* AudioEngine.swift */,
				A1000035232F0001 /* SoundGenerator.swift */,
			);
			path = Audio;
			sourceTree = "<group>";
		};
/* End PBXGroup section */

/* Begin PBXNativeTarget section */
		A100001E232F0001 /* ChickenDJ */ = {
			isa = PBXNativeTarget;
			buildConfigurationList = A100001F232F0001 /* Build configuration list for PBXNativeTarget "ChickenDJ" */;
			buildPhases = (
				A1000020232F0001 /* Sources */,
				A1000016232F0001 /* Frameworks */,
				A1000021232F0001 /* Resources */,
			);
			buildRules = (
			);
			dependencies = (
			);
			name = ChickenDJ;
			productName = ChickenDJ;
			productReference = A1000015232F0001 /* ChickenDJ.app */;
			productType = "com.apple.product-type.application";
		};
/* End PBXNativeTarget section */

/* Begin PBXProject section */
		A1000022232F0001 /* Project object */ = {
			isa = PBXProject;
			attributes = {
				BuildIndependentTargetsInParallel = 1;
				LastSwiftUpdateCheck = 1500;
				LastUpgradeCheck = 1500;
				TargetAttributes = {
					A100001E232F0001 = {
						CreatedOnToolsVersion = 15.0;
					};
				};
			};
			buildConfigurationList = A1000023232F0001 /* Build configuration list for PBXProject "ChickenDJ" */;
			compatibilityVersion = "Xcode 14.0";
			developmentRegion = en;
			hasScannedForEncodings = 0;
			knownRegions = (
				en,
				Base,
			);
			mainGroup = A1000017232F0001;
			productRefGroup = A1000019232F0001 /* Products */;
			projectDirPath = "";
			projectRoot = "";
			targets = (
				A100001E232F0001 /* ChickenDJ */,
			);
		};
/* End PBXProject section */

/* Begin PBXResourcesBuildPhase section */
		A1000021232F0001 /* Resources */ = {
			isa = PBXResourcesBuildPhase;
			buildActionMask = 2147483647;
			files = (
				A1000005232F0001 /* Assets.xcassets in Resources */,
			);
			runOnlyForDeploymentPostprocessing = 0;
		};
/* End PBXResourcesBuildPhase section */

/* Begin PBXSourcesBuildPhase section */
		A1000020232F0001 /* Sources */ = {
			isa = PBXSourcesBuildPhase;
			buildActionMask = 2147483647;
			files = (
				A1000001232F0001 /* ChickenDJApp.swift in Sources */,
				A1000003232F0001 /* ContentView.swift in Sources */,
				A1000007232F0001 /* AppTheme.swift in Sources */,
				A1000009232F0001 /* Pad.swift in Sources */,
				A100000B232F0001 /* Loop.swift in Sources */,
				A100000D232F0001 /* AudioEngine.swift in Sources */,
				A100000F232F0001 /* PlayView.swift in Sources */,
				A1000011232F0001 /* PadView.swift in Sources */,
				A1000013232F0001 /* MascotView.swift in Sources */,
				A1000028232F0001 /* SplashView.swift in Sources */,
				A100002A232F0001 /* LoopsView.swift in Sources */,
				A100002C232F0001 /* SettingsView.swift in Sources */,
				A100002E232F0001 /* MainTabView.swift in Sources */,
				A1000030232F0001 /* LoopStorage.swift in Sources */,
				A1000032232F0001 /* LoopPatternView.swift in Sources */,
				A1000034232F0001 /* SoundGenerator.swift in Sources */,
				A1000036232F0001 /* EffectsView.swift in Sources */,
				A1000038232F0001 /* BPMManager.swift in Sources */,
			);
			runOnlyForDeploymentPostprocessing = 0;
		};
/* End PBXSourcesBuildPhase section */

/* Begin XCBuildConfiguration section */
		A1000024232F0001 /* Debug */ = {
			isa = XCBuildConfiguration;
			buildSettings = {
				ALWAYS_SEARCH_USER_PATHS = NO;
				ASSETCATALOG_COMPILER_GENERATE_SWIFT_ASSET_SYMBOL_EXTENSIONS = YES;
				CLANG_ANALYZER_NONNULL = YES;
				CLANG_ANALYZER_NUMBER_OBJECT_CONVERSION = YES_AGGRESSIVE;
				CLANG_CXX_LANGUAGE_STANDARD = "gnu++20";
				CLANG_ENABLE_MODULES = YES;
				CLANG_ENABLE_OBJC_ARC = YES;
				CLANG_ENABLE_OBJC_WEAK = YES;
				CLANG_WARN_BLOCK_CAPTURE_AUTORELEASING = YES;
				CLANG_WARN_BOOL_CONVERSION = YES;
				CLANG_WARN_COMMA = YES;
				CLANG_WARN_CONSTANT_CONVERSION = YES;
				CLANG_WARN_DEPRECATED_OBJC_IMPLEMENTATIONS = YES;
				CLANG_WARN_DIRECT_OBJC_ISA_USAGE = YES_ERROR;
				CLANG_WARN_DOCUMENTATION_COMMENTS = YES;
				CLANG_WARN_EMPTY_BODY = YES;
				CLANG_WARN_ENUM_CONVERSION = YES;
				CLANG_WARN_INFINITE_RECURSION = YES;
				CLANG_WARN_INT_CONVERSION = YES;
				CLANG_WARN_NON_LITERAL_NULL_CONVERSION = YES;
				CLANG_WARN_OBJC_IMPLICIT_RETAIN_SELF = YES;
				CLANG_WARN_OBJC_LITERAL_CONVERSION = YES;
				CLANG_WARN_OBJC_ROOT_CLASS = YES_ERROR;
				CLANG_WARN_QUOTED_INCLUDE_IN_FRAMEWORK_HEADER = YES;
				CLANG_WARN_RANGE_LOOP_ANALYSIS = YES;
				CLANG_WARN_STRICT_PROTOTYPES = YES;
				CLANG_WARN_SUSPICIOUS_MOVE = YES;
				CLANG_WARN_UNGUARDED_AVAILABILITY = YES_AGGRESSIVE;
				CLANG_WARN_UNREACHABLE_CODE = YES;
				CLANG_WARN__DUPLICATE_METHOD_MATCH = YES;
				COPY_PHASE_STRIP = NO;
				DEBUG_INFORMATION_FORMAT = dwarf;
				ENABLE_STRICT_OBJC_MSGSEND = YES;
				ENABLE_TESTABILITY = YES;
				ENABLE_USER_SCRIPT_SANDBOXING = YES;
				GCC_C_LANGUAGE_STANDARD = gnu17;
				GCC_DYNAMIC_NO_PIC = NO;
				GCC_NO_COMMON_BLOCKS = YES;
				GCC_OPTIMIZATION_LEVEL = 0;
				GCC_PREPROCESSOR_DEFINITIONS = (
					"DEBUG=1",
					"$(inherited)",
				);
				GCC_WARN_64_TO_32_BIT_CONVERSION = YES;
				GCC_WARN_ABOUT_RETURN_TYPE = YES_ERROR;
				GCC_WARN_UNDECLARED_SELECTOR = YES;
				GCC_WARN_UNINITIALIZED_AUTOS = YES_AGGRESSIVE;
				GCC_WARN_UNUSED_FUNCTION = YES;
				GCC_WARN_UNUSED_VARIABLE = YES;
				IPHONEOS_DEPLOYMENT_TARGET = 15.6;
				LOCALIZATION_PREFERS_STRING_CATALOGS = YES;
				MTL_ENABLE_DEBUG_INFO = INCLUDE_SOURCE;
				MTL_FAST_MATH = YES;
				ONLY_ACTIVE_ARCH = YES;
				SDKROOT = iphoneos;
				SWIFT_ACTIVE_COMPILATION_CONDITIONS = "DEBUG $(inherited)";
				SWIFT_OPTIMIZATION_LEVEL = "-Onone";
			};
			name = Debug;
		};
		A1000025232F0001 /* Release */ = {
			isa = XCBuildConfiguration;
			buildSettings = {
				ALWAYS_SEARCH_USER_PATHS = NO;
				ASSETCATALOG_COMPILER_GENERATE_SWIFT_ASSET_SYMBOL_EXTENSIONS = YES;
				CLANG_ANALYZER_NONNULL = YES;
				CLANG_ANALYZER_NUMBER_OBJECT_CONVERSION = YES_AGGRESSIVE;
				CLANG_CXX_LANGUAGE_STANDARD = "gnu++20";
				CLANG_ENABLE_MODULES = YES;
				CLANG_ENABLE_OBJC_ARC = YES;
				CLANG_ENABLE_OBJC_WEAK = YES;
				CLANG_WARN_BLOCK_CAPTURE_AUTORELEASING = YES;
				CLANG_WARN_BOOL_CONVERSION = YES;
				CLANG_WARN_COMMA = YES;
				CLANG_WARN_CONSTANT_CONVERSION = YES;
				CLANG_WARN_DEPRECATED_OBJC_IMPLEMENTATIONS = YES;
				CLANG_WARN_DIRECT_OBJC_ISA_USAGE = YES_ERROR;
				CLANG_WARN_DOCUMENTATION_COMMENTS = YES;
				CLANG_WARN_EMPTY_BODY = YES;
				CLANG_WARN_ENUM_CONVERSION = YES;
				CLANG_WARN_INFINITE_RECURSION = YES;
				CLANG_WARN_INT_CONVERSION = YES;
				CLANG_WARN_NON_LITERAL_NULL_CONVERSION = YES;
				CLANG_WARN_OBJC_IMPLICIT_RETAIN_SELF = YES;
				CLANG_WARN_OBJC_LITERAL_CONVERSION = YES;
				CLANG_WARN_OBJC_ROOT_CLASS = YES_ERROR;
				CLANG_WARN_QUOTED_INCLUDE_IN_FRAMEWORK_HEADER = YES;
				CLANG_WARN_RANGE_LOOP_ANALYSIS = YES;
				CLANG_WARN_STRICT_PROTOTYPES = YES;
				CLANG_WARN_SUSPICIOUS_MOVE = YES;
				CLANG_WARN_UNGUARDED_AVAILABILITY = YES_AGGRESSIVE;
				CLANG_WARN_UNREACHABLE_CODE = YES;
				CLANG_WARN__DUPLICATE_METHOD_MATCH = YES;
				COPY_PHASE_STRIP = NO;
				DEBUG_INFORMATION_FORMAT = "dwarf-with-dsym";
				ENABLE_NS_ASSERTIONS = NO;
				ENABLE_STRICT_OBJC_MSGSEND = YES;
				ENABLE_USER_SCRIPT_SANDBOXING = YES;
				GCC_C_LANGUAGE_STANDARD = gnu17;
				GCC_NO_COMMON_BLOCKS = YES;
				GCC_WARN_64_TO_32_BIT_CONVERSION = YES;
				GCC_WARN_ABOUT_RETURN_TYPE = YES_ERROR;
				GCC_WARN_UNDECLARED_SELECTOR = YES;
				GCC_WARN_UNINITIALIZED_AUTOS = YES_AGGRESSIVE;
				GCC_WARN_UNUSED_FUNCTION = YES;
				GCC_WARN_UNUSED_VARIABLE = YES;
				IPHONEOS_DEPLOYMENT_TARGET = 15.6;
				LOCALIZATION_PREFERS_STRING_CATALOGS = YES;
				MTL_ENABLE_DEBUG_INFO = NO;
				MTL_FAST_MATH = YES;
				SDKROOT = iphoneos;
				SWIFT_COMPILATION_MODE = wholemodule;
				VALIDATE_PRODUCT = YES;
			};
			name = Release;
		};
		A1000026232F0001 /* Debug */ = {
			isa = XCBuildConfiguration;
			buildSettings = {
				ASSETCATALOG_COMPILER_APPICON_NAME = AppIcon;
				ASSETCATALOG_COMPILER_GLOBAL_ACCENT_COLOR_NAME = AccentColor;
				CODE_SIGN_STYLE = Automatic;
				CURRENT_PROJECT_VERSION = 1;
				DEVELOPMENT_TEAM = "";
				ENABLE_PREVIEWS = YES;
				GENERATE_INFOPLIST_FILE = NO;
				INFOPLIST_FILE = ChickenDJ/Info.plist;
				LD_RUNPATH_SEARCH_PATHS = (
					"$(inherited)",
					"@executable_path/Frameworks",
				);
				MARKETING_VERSION = 1.0;
				PRODUCT_BUNDLE_IDENTIFIER = com.chickendj.app;
				PRODUCT_NAME = "$(TARGET_NAME)";
				SUPPORTED_PLATFORMS = "iphoneos iphonesimulator";
				SUPPORTS_MACCATALYST = NO;
				SUPPORTS_MAC_DESIGNED_FOR_IPHONE_IPAD = NO;
				SUPPORTS_XR_DESIGNED_FOR_IPHONE_IPAD = NO;
				SWIFT_EMIT_LOC_STRINGS = YES;
				SWIFT_VERSION = 5.0;
				TARGETED_DEVICE_FAMILY = 1;
			};
			name = Debug;
		};
		A1000027232F0001 /* Release */ = {
			isa = XCBuildConfiguration;
			buildSettings = {
				ASSETCATALOG_COMPILER_APPICON_NAME = AppIcon;
				ASSETCATALOG_COMPILER_GLOBAL_ACCENT_COLOR_NAME = AccentColor;
				CODE_SIGN_STYLE = Automatic;
				CURRENT_PROJECT_VERSION = 1;
				DEVELOPMENT_TEAM = "";
				ENABLE_PREVIEWS = YES;
				GENERATE_INFOPLIST_FILE = NO;
				INFOPLIST_FILE = ChickenDJ/Info.plist;
				LD_RUNPATH_SEARCH_PATHS = (
					"$(inherited)",
					"@executable_path/Frameworks",
				);
				MARKETING_VERSION = 1.0;
				PRODUCT_BUNDLE_IDENTIFIER = com.chickendj.app;
				PRODUCT_NAME = "$(TARGET_NAME)";
				SUPPORTED_PLATFORMS = "iphoneos iphonesimulator";
				SUPPORTS_MACCATALYST = NO;
				SUPPORTS_MAC_DESIGNED_FOR_IPHONE_IPAD = NO;
				SUPPORTS_XR_DESIGNED_FOR_IPHONE_IPAD = NO;
				SWIFT_EMIT_LOC_STRINGS = YES;
				SWIFT_VERSION = 5.0;
				TARGETED_DEVICE_FAMILY = 1;
			};
			name = Release;
		};
/* End XCBuildConfiguration section */

/* Begin XCConfigurationList section */
		A100001F232F0001 /* Build configuration list for PBXNativeTarget "ChickenDJ" */ = {
			isa = XCConfigurationList;
			buildConfigurations = (
				A1000026232F0001 /* Debug */,
				A1000027232F0001 /* Release */,
			);
			defaultConfigurationIsVisible = 0;
			defaultConfigurationName = Release;
		};
		A1000023232F0001 /* Build configuration list for PBXProject "ChickenDJ" */ = {
			isa = XCConfigurationList;
			buildConfigurations = (
				A1000024232F0001 /* Debug */,
				A1000025232F0001 /* Release */,
			);
			defaultConfigurationIsVisible = 0;
			defaultConfigurationName = Release;
		};
/* End XCConfigurationList section */
	};
	rootObject = A1000022232F0001 /* Project object */;
}
